<?xml version="1.0" encoding="UTF-8" standalone="yes" ?>
<CodeBlocks_project_file>
	<FileVersion major="1" minor="6" />
	<Project>
		<Option title="Menetjegy" />
		<Option pch_mode="2" />
		<Option compiler="gcc" />
		<Build>
			<Target title="Debug">
				<Option output="bin/Debug/Menetjegy" prefix_auto="1" extension_auto="1" />
				<Option object_output="obj/Debug/" />
				<Option type="1" />
				<Option compiler="gcc" />
				<Compiler>
					<Add option="-g" />
					<Add option="-DMEMTRACE" />
				</Compiler>
			</Target>
			<Target title="Release">
				<Option output="bin/Release/Menetjegy" prefix_auto="1" extension_auto="1" />
				<Option object_output="obj/Release/" />
				<Option type="1" />
				<Option compiler="gcc" />
				<Compiler>
					<Add option="-O2" />
				</Compiler>
				<Linker>
					<Add option="-s" />
				</Linker>
			</Target>
		</Build>
		<Compiler>
			<Add option="-Wall" />
			<Add option="-fexceptions" />
			<Add option="-DMEMTRACE" />
		</Compiler>
		<Unit filename="allomasok.cpp" />
		<Unit filename="allomasok.h" />
		<Unit filename="bankszamla.cpp" />
		<Unit filename="bankszamla.h" />
		<Unit filename="felhasznalo.cpp" />
		<Unit filename="felhasznalo.h" />
		<Unit filename="gtest_lite.h" />
		<Unit filename="main.cpp" />
		<Unit filename="memtrace.cpp" />
		<Unit filename="memtrace.h" />
		<Unit filename="menetjegy.cpp" />
		<Unit filename="menetjegy.h" />
		<Unit filename="string5.cpp" />
		<Unit filename="string5.h" />
		<Unit filename="teszt_esetek.cpp" />
		<Unit filename="teszt_esetek.h" />
		<Unit filename="vonatok.cpp" />
		<Unit filename="vonatok.h" />
		<Unit filename="vonatok_hetero.cpp" />
		<Unit filename="vonatok_hetero.h" />
		<Extensions>
			<lib_finder disable_auto="1" />
		</Extensions>
	</Project>
</CodeBlocks_project_file>
